
Microsoft Visual Studio Solution File, Format Version 12.00
# Visual Studio Version 16
VisualStudioVersion = 16.0.29411.108
MinimumVisualStudioVersion = 10.0.40219.1
Project("{9092AA53-FB77-4645-B42D-1CCCA6BD08BD}") = "Linkstation", "Linkstation.njsproj", "{A5F2DA56-36B7-4127-B8B3-39E9A675A99B}"
EndProject
Global
	GlobalSection(SolutionConfigurationPlatforms) = preSolution
		Debug|Any CPU = Debug|Any CPU
		Release|Any CPU = Release|Any CPU
	EndGlobalSection
	GlobalSection(ProjectConfigurationPlatforms) = postSolution
		{A5F2DA56-36B7-4127-B8B3-39E9A675A99B}.Debug|Any CPU.ActiveCfg = Debug|Any CPU
		{A5F2DA56-36B7-4127-B8B3-39E9A675A99B}.Debug|Any CPU.Build.0 = Debug|Any CPU
		{A5F2DA56-36B7-4127-B8B3-39E9A675A99B}.Release|Any CPU.ActiveCfg = Release|Any CPU
		{A5F2DA56-36B7-4127-B8B3-39E9A675A99B}.Release|Any CPU.Build.0 = Release|Any CPU
	EndGlobalSection
	GlobalSection(SolutionProperties) = preSolution
		HideSolutionNode = FALSE
	EndGlobalSection
	GlobalSection(ExtensibilityGlobals) = postSolution
		SolutionGuid = {5C870409-2C12-43B9-B053-EFC7451ED594}
	EndGlobalSection
EndGlobal
